
Microsoft Visual Studio Solution File, Format Version 12.00
# Visual Studio Version 17
VisualStudioVersion = 17.1.32319.34
MinimumVisualStudioVersion = 10.0.40219.1
Project("{FAE04EC0-301F-11D3-BF4B-00C04F79EFBC}") = "AreaTrianguloHeron", "AreaTrianguloHeron\AreaTrianguloHeron.csproj", "{597828EF-04A7-4E07-BD9A-D36F2785E025}"
EndProject
Global
	GlobalSection(SolutionConfigurationPlatforms) = preSolution
		Debug|Any CPU = Debug|Any CPU
		Release|Any CPU = Release|Any CPU
	EndGlobalSection
	GlobalSection(ProjectConfigurationPlatforms) = postSolution
		{597828EF-04A7-4E07-BD9A-D36F2785E025}.Debug|Any CPU.ActiveCfg = Debug|Any CPU
		{597828EF-04A7-4E07-BD9A-D36F2785E025}.Debug|Any CPU.Build.0 = Debug|Any CPU
		{597828EF-04A7-4E07-BD9A-D36F2785E025}.Release|Any CPU.ActiveCfg = Release|Any CPU
		{597828EF-04A7-4E07-BD9A-D36F2785E025}.Release|Any CPU.Build.0 = Release|Any CPU
	EndGlobalSection
	GlobalSection(SolutionProperties) = preSolution
		HideSolutionNode = FALSE
	EndGlobalSection
	GlobalSection(ExtensibilityGlobals) = postSolution
		SolutionGuid = {1760EDD3-39DD-4E41-8AB5-57F75CCC3ED0}
	EndGlobalSection
EndGlobal
